
Microsoft Visual Studio Solution File, Format Version 12.00
# Visual Studio Version 17
VisualStudioVersion = 17.1.32228.430
MinimumVisualStudioVersion = 10.0.40219.1
Project("{9A19103F-16F7-4668-BE54-9A1E7A4F7556}") = "RevoProfit.Test", "RevoProfit.Test\RevoProfit.Test.csproj", "{7262B9B0-6D7A-4C28-B9F3-7856B00415BF}"
EndProject
Project("{9A19103F-16F7-4668-BE54-9A1E7A4F7556}") = "RevoProfit.Core", "RevoProfit.Core\RevoProfit.Core.csproj", "{A0CD03E4-9951-4D7E-A714-43BC2292039E}"
EndProject
Project("{9A19103F-16F7-4668-BE54-9A1E7A4F7556}") = "RevoProfit.Mvc", "RevoProfit.Mvc\RevoProfit.Mvc.csproj", "{55CFDBD7-15FF-4B5F-814C-E992F12A3420}"
EndProject
Project("{FAE04EC0-301F-11D3-BF4B-00C04F79EFBC}") = "RevoProfit.Api", "RevoProfit.Api\RevoProfit.Api.csproj", "{76BD4481-CAE0-47F3-B7FE-FA7A8113B81A}"
EndProject
Project("{54A90642-561A-4BB1-A94E-469ADEE60C69}") = "revo-profit-web", "revo-profit-web\revo-profit-web.esproj", "{3B02B21F-BF1B-492C-B588-92489C5B346E}"
EndProject
Global
	GlobalSection(SolutionConfigurationPlatforms) = preSolution
		Debug|Any CPU = Debug|Any CPU
		Release|Any CPU = Release|Any CPU
	EndGlobalSection
	GlobalSection(ProjectConfigurationPlatforms) = postSolution
		{7262B9B0-6D7A-4C28-B9F3-7856B00415BF}.Debug|Any CPU.ActiveCfg = Debug|Any CPU
		{7262B9B0-6D7A-4C28-B9F3-7856B00415BF}.Debug|Any CPU.Build.0 = Debug|Any CPU
		{7262B9B0-6D7A-4C28-B9F3-7856B00415BF}.Release|Any CPU.ActiveCfg = Release|Any CPU
		{7262B9B0-6D7A-4C28-B9F3-7856B00415BF}.Release|Any CPU.Build.0 = Release|Any CPU
		{A0CD03E4-9951-4D7E-A714-43BC2292039E}.Debug|Any CPU.ActiveCfg = Debug|Any CPU
		{A0CD03E4-9951-4D7E-A714-43BC2292039E}.Debug|Any CPU.Build.0 = Debug|Any CPU
		{A0CD03E4-9951-4D7E-A714-43BC2292039E}.Release|Any CPU.ActiveCfg = Release|Any CPU
		{A0CD03E4-9951-4D7E-A714-43BC2292039E}.Release|Any CPU.Build.0 = Release|Any CPU
		{55CFDBD7-15FF-4B5F-814C-E992F12A3420}.Debug|Any CPU.ActiveCfg = Debug|Any CPU
		{55CFDBD7-15FF-4B5F-814C-E992F12A3420}.Debug|Any CPU.Build.0 = Debug|Any CPU
		{55CFDBD7-15FF-4B5F-814C-E992F12A3420}.Release|Any CPU.ActiveCfg = Release|Any CPU
		{55CFDBD7-15FF-4B5F-814C-E992F12A3420}.Release|Any CPU.Build.0 = Release|Any CPU
		{76BD4481-CAE0-47F3-B7FE-FA7A8113B81A}.Debug|Any CPU.ActiveCfg = Debug|Any CPU
		{76BD4481-CAE0-47F3-B7FE-FA7A8113B81A}.Debug|Any CPU.Build.0 = Debug|Any CPU
		{76BD4481-CAE0-47F3-B7FE-FA7A8113B81A}.Release|Any CPU.ActiveCfg = Release|Any CPU
		{76BD4481-CAE0-47F3-B7FE-FA7A8113B81A}.Release|Any CPU.Build.0 = Release|Any CPU
		{3B02B21F-BF1B-492C-B588-92489C5B346E}.Debug|Any CPU.ActiveCfg = Debug|Any CPU
		{3B02B21F-BF1B-492C-B588-92489C5B346E}.Debug|Any CPU.Build.0 = Debug|Any CPU
		{3B02B21F-BF1B-492C-B588-92489C5B346E}.Debug|Any CPU.Deploy.0 = Debug|Any CPU
		{3B02B21F-BF1B-492C-B588-92489C5B346E}.Release|Any CPU.ActiveCfg = Release|Any CPU
		{3B02B21F-BF1B-492C-B588-92489C5B346E}.Release|Any CPU.Build.0 = Release|Any CPU
		{3B02B21F-BF1B-492C-B588-92489C5B346E}.Release|Any CPU.Deploy.0 = Release|Any CPU
	EndGlobalSection
	GlobalSection(SolutionProperties) = preSolution
		HideSolutionNode = FALSE
	EndGlobalSection
	GlobalSection(ExtensibilityGlobals) = postSolution
		SolutionGuid = {01706673-E43F-46AC-99C0-DD61D3C81260}
	EndGlobalSection
EndGlobal
